Microsoft Visual Studio Solution File, Format Version 12.00
# Visual Studio Version 17
VisualStudioVersion = 17.5.2.0
MinimumVisualStudioVersion = 10.0.40219.1
Project("{2150E333-8FDC-42A3-9474-1A3956D46DE8}") = "easy-tracker", "easy-tracker", "{B68B3D26-B265-67DB-32FF-BE3B96819257}"
EndProject
Project("{FAE04EC0-301F-11D3-BF4B-00C04F79EFBC}") = "EasyTracker", "easy-tracker\src\EasyTracker.csproj", "{E885D850-A70D-FF4B-9BE1-19D0D9FD574D}"
EndProject
Global
	GlobalSection(SolutionConfigurationPlatforms) = preSolution
		Debug|Any CPU = Debug|Any CPU
		Release|Any CPU = Release|Any CPU
	EndGlobalSection
	GlobalSection(ProjectConfigurationPlatforms) = postSolution
		{E885D850-A70D-FF4B-9BE1-19D0D9FD574D}.Debug|Any CPU.ActiveCfg = Debug|Any CPU
		{E885D850-A70D-FF4B-9BE1-19D0D9FD574D}.Debug|Any CPU.Build.0 = Debug|Any CPU
		{E885D850-A70D-FF4B-9BE1-19D0D9FD574D}.Release|Any CPU.ActiveCfg = Release|Any CPU
		{E885D850-A70D-FF4B-9BE1-19D0D9FD574D}.Release|Any CPU.Build.0 = Release|Any CPU
	EndGlobalSection
	GlobalSection(SolutionProperties) = preSolution
		HideSolutionNode = FALSE
	EndGlobalSection
	GlobalSection(NestedProjects) = preSolution
		{E885D850-A70D-FF4B-9BE1-19D0D9FD574D} = {B68B3D26-B265-67DB-32FF-BE3B96819257}
	EndGlobalSection
	GlobalSection(ExtensibilityGlobals) = postSolution
		SolutionGuid = {AE7DF016-66B2-4948-BF74-55D513971190}
	EndGlobalSection
EndGlobal
